// !$*UTF8*$!
{
	archiveVersion = 1;
	classes = {
	};
	objectVersion = 50;
	objects = {

/* Begin PBXBuildFile section */
		6B6B27D3FC4708E707A2C763 /* Pods_trabalho_final_iosUITests.framework in Frameworks */ = {isa = PBXBuildFile; fileRef = 77D3E2E77B73CAECC1411F89 /* Pods_trabalho_final_iosUITests.framework */; };
		7DF5C5B18A3EF1F5C0CA7875 /* Pods_trabalho_final_iosTests.framework in Frameworks */ = {isa = PBXBuildFile; fileRef = 8CF14492680ABF8021258E35 /* Pods_trabalho_final_iosTests.framework */; };
		926F8672236BB479009E5E69 /* DetailsTableViewController.swift in Sources */ = {isa = PBXBuildFile; fileRef = 926F8671236BB479009E5E69 /* DetailsTableViewController.swift */; };
		926F8675236BB747009E5E69 /* FilmHeaderTableViewCell.swift in Sources */ = {isa = PBXBuildFile; fileRef = 926F8674236BB747009E5E69 /* FilmHeaderTableViewCell.swift */; };
		926F8677236BB782009E5E69 /* DetailsHeaderTableViewCell.swift in Sources */ = {isa = PBXBuildFile; fileRef = 926F8676236BB782009E5E69 /* DetailsHeaderTableViewCell.swift */; };
		926F8679236BB7A5009E5E69 /* FilmDetailsTableViewCell.swift in Sources */ = {isa = PBXBuildFile; fileRef = 926F8678236BB7A5009E5E69 /* FilmDetailsTableViewCell.swift */; };
		926F867B236BB7D2009E5E69 /* FilmLocationTableViewCell.swift in Sources */ = {isa = PBXBuildFile; fileRef = 926F867A236BB7D2009E5E69 /* FilmLocationTableViewCell.swift */; };
		926F867D236BB800009E5E69 /* SimilarFilmsTableViewCell.swift in Sources */ = {isa = PBXBuildFile; fileRef = 926F867C236BB800009E5E69 /* SimilarFilmsTableViewCell.swift */; };
		92CD9411236B9E870003BCCA /* avangers-ultimate-poster.jpg in Resources */ = {isa = PBXBuildFile; fileRef = 92CD940E236B9E870003BCCA /* avangers-ultimate-poster.jpg */; };
		92CD9412236B9E870003BCCA /* avangers-ultron-poster.jpg in Resources */ = {isa = PBXBuildFile; fileRef = 92CD940F236B9E870003BCCA /* avangers-ultron-poster.jpg */; };
		92CD9413236B9E870003BCCA /* ant-man-poster.jpg in Resources */ = {isa = PBXBuildFile; fileRef = 92CD9410236B9E870003BCCA /* ant-man-poster.jpg */; };
		A33AF22AE2CC01F89E585C48 /* Pods_trabalho_final_ios.framework in Frameworks */ = {isa = PBXBuildFile; fileRef = DC93D017E4A9590343E3ED9A /* Pods_trabalho_final_ios.framework */; };
		AA27AAB22374DD16006DFEED /* GoogleService-Info.plist in Resources */ = {isa = PBXBuildFile; fileRef = AA27AAB12374DD16006DFEED /* GoogleService-Info.plist */; };
		D393FCCC2301BEAD0077A303 /* FilmsTableViewController.swift in Sources */ = {isa = PBXBuildFile; fileRef = D393FCCB2301BEAD0077A303 /* FilmsTableViewController.swift */; };
		D393FCCF2301BF240077A303 /* FilmDetailsViewController.swift in Sources */ = {isa = PBXBuildFile; fileRef = D393FCCE2301BF240077A303 /* FilmDetailsViewController.swift */; };
		D393FCD12301BFAF0077A303 /* Film.swift in Sources */ = {isa = PBXBuildFile; fileRef = D393FCD02301BFAF0077A303 /* Film.swift */; };
		D393FCD42301C2F40077A303 /* data.json in Resources */ = {isa = PBXBuildFile; fileRef = D393FCD32301C2F40077A303 /* data.json */; };
		D393FCD62301C80F0077A303 /* FilmTableViewCell.swift in Sources */ = {isa = PBXBuildFile; fileRef = D393FCD52301C80F0077A303 /* FilmTableViewCell.swift */; };
		FEA8B3D8235C856F00536ABA /* LoginTableViewController.swift in Sources */ = {isa = PBXBuildFile; fileRef = FEA8B3D7235C856F00536ABA /* LoginTableViewController.swift */; };
		FEA8B3E2235E51D200536ABA /* MapViewController.swift in Sources */ = {isa = PBXBuildFile; fileRef = FEA8B3E1235E51D200536ABA /* MapViewController.swift */; };
		FEA8B3E4235E6DEF00536ABA /* FavoritesTableViewController.swift in Sources */ = {isa = PBXBuildFile; fileRef = FEA8B3E3235E6DEF00536ABA /* FavoritesTableViewController.swift */; };
		FEA8B3E6235E74D200536ABA /* FavoritesFilmsTableViewCell.swift in Sources */ = {isa = PBXBuildFile; fileRef = FEA8B3E5235E74D200536ABA /* FavoritesFilmsTableViewCell.swift */; };
		FEC4D65B22FF98F300046F85 /* AppDelegate.swift in Sources */ = {isa = PBXBuildFile; fileRef = FEC4D65A22FF98F300046F85 /* AppDelegate.swift */; };
		FEC4D66022FF98F300046F85 /* Main.storyboard in Resources */ = {isa = PBXBuildFile; fileRef = FEC4D65E22FF98F300046F85 /* Main.storyboard */; };
		FEC4D66222FF98F700046F85 /* Assets.xcassets in Resources */ = {isa = PBXBuildFile; fileRef = FEC4D66122FF98F700046F85 /* Assets.xcassets */; };
		FEC4D66522FF98F700046F85 /* LaunchScreen.storyboard in Resources */ = {isa = PBXBuildFile; fileRef = FEC4D66322FF98F700046F85 /* LaunchScreen.storyboard */; };
		FEC4D67022FF98F700046F85 /* trabalho_final_iosTests.swift in Sources */ = {isa = PBXBuildFile; fileRef = FEC4D66F22FF98F700046F85 /* trabalho_final_iosTests.swift */; };
		FEC4D67B22FF98F700046F85 /* trabalho_final_iosUITests.swift in Sources */ = {isa = PBXBuildFile; fileRef = FEC4D67A22FF98F700046F85 /* trabalho_final_iosUITests.swift */; };
		FEE2E73923036E5100F9B298 /* User.swift in Sources */ = {isa = PBXBuildFile; fileRef = FEE2E73823036E5100F9B298 /* User.swift */; };
		FEE2E73B2303707900F9B298 /* userData.json in Resources */ = {isa = PBXBuildFile; fileRef = FEE2E73A2303707900F9B298 /* userData.json */; };
		FEE32C052300EE0C00140E93 /* user-logged.jpg in Resources */ = {isa = PBXBuildFile; fileRef = FEE32C002300EE0C00140E93 /* user-logged.jpg */; };
		FEE32C062300EE0C00140E93 /* user-logo.png in Resources */ = {isa = PBXBuildFile; fileRef = FEE32C012300EE0C00140E93 /* user-logo.png */; };
		FEE32C072300EE0C00140E93 /* logo.png in Resources */ = {isa = PBXBuildFile; fileRef = FEE32C022300EE0C00140E93 /* logo.png */; };
		FEE32C082300EE0C00140E93 /* liked.png in Resources */ = {isa = PBXBuildFile; fileRef = FEE32C032300EE0C00140E93 /* liked.png */; };
		FEE32C092300EE0C00140E93 /* poster.jpg in Resources */ = {isa = PBXBuildFile; fileRef = FEE32C042300EE0C00140E93 /* poster.jpg */; };
		FEE4D06923031B65001FABF2 /* SimilarFilmTableViewCell.swift in Sources */ = {isa = PBXBuildFile; fileRef = FEE4D06823031B65001FABF2 /* SimilarFilmTableViewCell.swift */; };
		FEE742F42303C0C600DD0EC6 /* CadastroTableViewController.swift in Sources */ = {isa = PBXBuildFile; fileRef = FEE742F32303C0C600DD0EC6 /* CadastroTableViewController.swift */; };
/* End PBXBuildFile section */

/* Begin PBXContainerItemProxy section */
		FEC4D66C22FF98F700046F85 /* PBXContainerItemProxy */ = {
			isa = PBXContainerItemProxy;
			containerPortal = FEC4D64F22FF98F200046F85 /* Project object */;
			proxyType = 1;
			remoteGlobalIDString = FEC4D65622FF98F300046F85;
			remoteInfo = "trabalho-final-ios";
		};
		FEC4D67722FF98F700046F85 /* PBXContainerItemProxy */ = {
			isa = PBXContainerItemProxy;
			containerPortal = FEC4D64F22FF98F200046F85 /* Project object */;
			proxyType = 1;
			remoteGlobalIDString = FEC4D65622FF98F300046F85;
			remoteInfo = "trabalho-final-ios";
		};
/* End PBXContainerItemProxy section */

/* Begin PBXFileReference section */
		03A1D10C03DDCD8CEF6F6263 /* Pods-trabalho-final-iosUITests.debug.xcconfig */ = {isa = PBXFileReference; includeInIndex = 1; lastKnownFileType = text.xcconfig; name = "Pods-trabalho-final-iosUITests.debug.xcconfig"; path = "Pods/Target Support Files/Pods-trabalho-final-iosUITests/Pods-trabalho-final-iosUITests.debug.xcconfig"; sourceTree = "<group>"; };
		4935A34A71D7345B9990671F /* Pods-trabalho-final-iosTests.release.xcconfig */ = {isa = PBXFileReference; includeInIndex = 1; lastKnownFileType = text.xcconfig; name = "Pods-trabalho-final-iosTests.release.xcconfig"; path = "Pods/Target Support Files/Pods-trabalho-final-iosTests/Pods-trabalho-final-iosTests.release.xcconfig"; sourceTree = "<group>"; };
		77D3E2E77B73CAECC1411F89 /* Pods_trabalho_final_iosUITests.framework */ = {isa = PBXFileReference; explicitFileType = wrapper.framework; includeInIndex = 0; path = Pods_trabalho_final_iosUITests.framework; sourceTree = BUILT_PRODUCTS_DIR; };
		8155E2FD9EB03A1B69A93039 /* Pods-trabalho-final-iosUITests.release.xcconfig */ = {isa = PBXFileReference; includeInIndex = 1; lastKnownFileType = text.xcconfig; name = "Pods-trabalho-final-iosUITests.release.xcconfig"; path = "Pods/Target Support Files/Pods-trabalho-final-iosUITests/Pods-trabalho-final-iosUITests.release.xcconfig"; sourceTree = "<group>"; };
		8CF14492680ABF8021258E35 /* Pods_trabalho_final_iosTests.framework */ = {isa = PBXFileReference; explicitFileType = wrapper.framework; includeInIndex = 0; path = Pods_trabalho_final_iosTests.framework; sourceTree = BUILT_PRODUCTS_DIR; };
		9234087F7A096CAD0B5B84F4 /* Pods-trabalho-final-ios.debug.xcconfig */ = {isa = PBXFileReference; includeInIndex = 1; lastKnownFileType = text.xcconfig; name = "Pods-trabalho-final-ios.debug.xcconfig"; path = "Pods/Target Support Files/Pods-trabalho-final-ios/Pods-trabalho-final-ios.debug.xcconfig"; sourceTree = "<group>"; };
		926F8671236BB479009E5E69 /* DetailsTableViewController.swift */ = {isa = PBXFileReference; lastKnownFileType = sourcecode.swift; path = DetailsTableViewController.swift; sourceTree = "<group>"; };
		926F8674236BB747009E5E69 /* FilmHeaderTableViewCell.swift */ = {isa = PBXFileReference; lastKnownFileType = sourcecode.swift; path = FilmHeaderTableViewCell.swift; sourceTree = "<group>"; };
		926F8676236BB782009E5E69 /* DetailsHeaderTableViewCell.swift */ = {isa = PBXFileReference; lastKnownFileType = sourcecode.swift; path = DetailsHeaderTableViewCell.swift; sourceTree = "<group>"; };
		926F8678236BB7A5009E5E69 /* FilmDetailsTableViewCell.swift */ = {isa = PBXFileReference; lastKnownFileType = sourcecode.swift; path = FilmDetailsTableViewCell.swift; sourceTree = "<group>"; };
		926F867A236BB7D2009E5E69 /* FilmLocationTableViewCell.swift */ = {isa = PBXFileReference; lastKnownFileType = sourcecode.swift; path = FilmLocationTableViewCell.swift; sourceTree = "<group>"; };
		926F867C236BB800009E5E69 /* SimilarFilmsTableViewCell.swift */ = {isa = PBXFileReference; lastKnownFileType = sourcecode.swift; path = SimilarFilmsTableViewCell.swift; sourceTree = "<group>"; };
		92CD940E236B9E870003BCCA /* avangers-ultimate-poster.jpg */ = {isa = PBXFileReference; lastKnownFileType = image.jpeg; path = "avangers-ultimate-poster.jpg"; sourceTree = "<group>"; };
		92CD940F236B9E870003BCCA /* avangers-ultron-poster.jpg */ = {isa = PBXFileReference; lastKnownFileType = image.jpeg; path = "avangers-ultron-poster.jpg"; sourceTree = "<group>"; };
		92CD9410236B9E870003BCCA /* ant-man-poster.jpg */ = {isa = PBXFileReference; lastKnownFileType = image.jpeg; path = "ant-man-poster.jpg"; sourceTree = "<group>"; };
		AA27AAB12374DD16006DFEED /* GoogleService-Info.plist */ = {isa = PBXFileReference; fileEncoding = 4; lastKnownFileType = text.plist.xml; path = "GoogleService-Info.plist"; sourceTree = "<group>"; };
		AB86F6228BCE1B31629E28E3 /* Pods-trabalho-final-ios.release.xcconfig */ = {isa = PBXFileReference; includeInIndex = 1; lastKnownFileType = text.xcconfig; name = "Pods-trabalho-final-ios.release.xcconfig"; path = "Pods/Target Support Files/Pods-trabalho-final-ios/Pods-trabalho-final-ios.release.xcconfig"; sourceTree = "<group>"; };
		D393FCCB2301BEAD0077A303 /* FilmsTableViewController.swift */ = {isa = PBXFileReference; lastKnownFileType = sourcecode.swift; path = FilmsTableViewController.swift; sourceTree = "<group>"; };
		D393FCCE2301BF240077A303 /* FilmDetailsViewController.swift */ = {isa = PBXFileReference; lastKnownFileType = sourcecode.swift; path = FilmDetailsViewController.swift; sourceTree = "<group>"; };
		D393FCD02301BFAF0077A303 /* Film.swift */ = {isa = PBXFileReference; lastKnownFileType = sourcecode.swift; path = Film.swift; sourceTree = "<group>"; };
		D393FCD32301C2F40077A303 /* data.json */ = {isa = PBXFileReference; lastKnownFileType = text.json; path = data.json; sourceTree = "<group>"; };
		D393FCD52301C80F0077A303 /* FilmTableViewCell.swift */ = {isa = PBXFileReference; lastKnownFileType = sourcecode.swift; path = FilmTableViewCell.swift; sourceTree = "<group>"; };
		DC93D017E4A9590343E3ED9A /* Pods_trabalho_final_ios.framework */ = {isa = PBXFileReference; explicitFileType = wrapper.framework; includeInIndex = 0; path = Pods_trabalho_final_ios.framework; sourceTree = BUILT_PRODUCTS_DIR; };
		E175AEE56AED1FECC747D4EF /* Pods-trabalho-final-iosTests.debug.xcconfig */ = {isa = PBXFileReference; includeInIndex = 1; lastKnownFileType = text.xcconfig; name = "Pods-trabalho-final-iosTests.debug.xcconfig"; path = "Pods/Target Support Files/Pods-trabalho-final-iosTests/Pods-trabalho-final-iosTests.debug.xcconfig"; sourceTree = "<group>"; };
		FEA8B3D7235C856F00536ABA /* LoginTableViewController.swift */ = {isa = PBXFileReference; lastKnownFileType = sourcecode.swift; path = LoginTableViewController.swift; sourceTree = "<group>"; };
		FEA8B3E1235E51D200536ABA /* MapViewController.swift */ = {isa = PBXFileReference; lastKnownFileType = sourcecode.swift; path = MapViewController.swift; sourceTree = "<group>"; };
		FEA8B3E3235E6DEF00536ABA /* FavoritesTableViewController.swift */ = {isa = PBXFileReference; lastKnownFileType = sourcecode.swift; path = FavoritesTableViewController.swift; sourceTree = "<group>"; };
		FEA8B3E5235E74D200536ABA /* FavoritesFilmsTableViewCell.swift */ = {isa = PBXFileReference; lastKnownFileType = sourcecode.swift; path = FavoritesFilmsTableViewCell.swift; sourceTree = "<group>"; };
		FEC4D65722FF98F300046F85 /* trabalho-final-ios.app */ = {isa = PBXFileReference; explicitFileType = wrapper.application; includeInIndex = 0; path = "trabalho-final-ios.app"; sourceTree = BUILT_PRODUCTS_DIR; };
		FEC4D65A22FF98F300046F85 /* AppDelegate.swift */ = {isa = PBXFileReference; lastKnownFileType = sourcecode.swift; path = AppDelegate.swift; sourceTree = "<group>"; };
		FEC4D65F22FF98F300046F85 /* Base */ = {isa = PBXFileReference; lastKnownFileType = file.storyboard; name = Base; path = Base.lproj/Main.storyboard; sourceTree = "<group>"; };
		FEC4D66122FF98F700046F85 /* Assets.xcassets */ = {isa = PBXFileReference; lastKnownFileType = folder.assetcatalog; path = Assets.xcassets; sourceTree = "<group>"; };
		FEC4D66422FF98F700046F85 /* Base */ = {isa = PBXFileReference; lastKnownFileType = file.storyboard; name = Base; path = Base.lproj/LaunchScreen.storyboard; sourceTree = "<group>"; };
		FEC4D66622FF98F700046F85 /* Info.plist */ = {isa = PBXFileReference; lastKnownFileType = text.plist.xml; path = Info.plist; sourceTree = "<group>"; };
		FEC4D66B22FF98F700046F85 /* trabalho-final-iosTests.xctest */ = {isa = PBXFileReference; explicitFileType = wrapper.cfbundle; includeInIndex = 0; path = "trabalho-final-iosTests.xctest"; sourceTree = BUILT_PRODUCTS_DIR; };
		FEC4D66F22FF98F700046F85 /* trabalho_final_iosTests.swift */ = {isa = PBXFileReference; lastKnownFileType = sourcecode.swift; path = trabalho_final_iosTests.swift; sourceTree = "<group>"; };
		FEC4D67122FF98F700046F85 /* Info.plist */ = {isa = PBXFileReference; lastKnownFileType = text.plist.xml; path = Info.plist; sourceTree = "<group>"; };
		FEC4D67622FF98F700046F85 /* trabalho-final-iosUITests.xctest */ = {isa = PBXFileReference; explicitFileType = wrapper.cfbundle; includeInIndex = 0; path = "trabalho-final-iosUITests.xctest"; sourceTree = BUILT_PRODUCTS_DIR; };
		FEC4D67A22FF98F700046F85 /* trabalho_final_iosUITests.swift */ = {isa = PBXFileReference; lastKnownFileType = sourcecode.swift; path = trabalho_final_iosUITests.swift; sourceTree = "<group>"; };
		FEC4D67C22FF98F700046F85 /* Info.plist */ = {isa = PBXFileReference; lastKnownFileType = text.plist.xml; path = Info.plist; sourceTree = "<group>"; };
		FEE2E73823036E5100F9B298 /* User.swift */ = {isa = PBXFileReference; lastKnownFileType = sourcecode.swift; path = User.swift; sourceTree = "<group>"; };
		FEE2E73A2303707900F9B298 /* userData.json */ = {isa = PBXFileReference; lastKnownFileType = text.json; path = userData.json; sourceTree = "<group>"; };
		FEE32C002300EE0C00140E93 /* user-logged.jpg */ = {isa = PBXFileReference; lastKnownFileType = image.jpeg; path = "user-logged.jpg"; sourceTree = "<group>"; };
		FEE32C012300EE0C00140E93 /* user-logo.png */ = {isa = PBXFileReference; lastKnownFileType = image.png; path = "user-logo.png"; sourceTree = "<group>"; };
		FEE32C022300EE0C00140E93 /* logo.png */ = {isa = PBXFileReference; lastKnownFileType = image.png; path = logo.png; sourceTree = "<group>"; };
		FEE32C032300EE0C00140E93 /* liked.png */ = {isa = PBXFileReference; lastKnownFileType = image.png; path = liked.png; sourceTree = "<group>"; };
		FEE32C042300EE0C00140E93 /* poster.jpg */ = {isa = PBXFileReference; lastKnownFileType = image.jpeg; path = poster.jpg; sourceTree = "<group>"; };
		FEE4D06823031B65001FABF2 /* SimilarFilmTableViewCell.swift */ = {isa = PBXFileReference; lastKnownFileType = sourcecode.swift; path = SimilarFilmTableViewCell.swift; sourceTree = "<group>"; };
		FEE742F32303C0C600DD0EC6 /* CadastroTableViewController.swift */ = {isa = PBXFileReference; lastKnownFileType = sourcecode.swift; path = CadastroTableViewController.swift; sourceTree = "<group>"; };
/* End PBXFileReference section */

/* Begin PBXFrameworksBuildPhase section */
		FEC4D65422FF98F300046F85 /* Frameworks */ = {
			isa = PBXFrameworksBuildPhase;
			buildActionMask = 2147483647;
			files = (
				A33AF22AE2CC01F89E585C48 /* Pods_trabalho_final_ios.framework in Frameworks */,
			);
			runOnlyForDeploymentPostprocessing = 0;
		};
		FEC4D66822FF98F700046F85 /* Frameworks */ = {
			isa = PBXFrameworksBuildPhase;
			buildActionMask = 2147483647;
			files = (
				7DF5C5B18A3EF1F5C0CA7875 /* Pods_trabalho_final_iosTests.framework in Frameworks */,
			);
			runOnlyForDeploymentPostprocessing = 0;
		};
		FEC4D67322FF98F700046F85 /* Frameworks */ = {
			isa = PBXFrameworksBuildPhase;
			buildActionMask = 2147483647;
			files = (
				6B6B27D3FC4708E707A2C763 /* Pods_trabalho_final_iosUITests.framework in Frameworks */,
			);
			runOnlyForDeploymentPostprocessing = 0;
		};
/* End PBXFrameworksBuildPhase section */

/* Begin PBXGroup section */
		749DA0D3039848FF09710F6E /* Frameworks */ = {
			isa = PBXGroup;
			children = (
				DC93D017E4A9590343E3ED9A /* Pods_trabalho_final_ios.framework */,
				8CF14492680ABF8021258E35 /* Pods_trabalho_final_iosTests.framework */,
				77D3E2E77B73CAECC1411F89 /* Pods_trabalho_final_iosUITests.framework */,
			);
			name = Frameworks;
			sourceTree = "<group>";
		};
		926F8673236BB6C1009E5E69 /* FilmDetails */ = {
			isa = PBXGroup;
			children = (
				D393FCCE2301BF240077A303 /* FilmDetailsViewController.swift */,
				FEE4D06823031B65001FABF2 /* SimilarFilmTableViewCell.swift */,
				926F8671236BB479009E5E69 /* DetailsTableViewController.swift */,
				926F8674236BB747009E5E69 /* FilmHeaderTableViewCell.swift */,
				926F8676236BB782009E5E69 /* DetailsHeaderTableViewCell.swift */,
				926F8678236BB7A5009E5E69 /* FilmDetailsTableViewCell.swift */,
				926F867A236BB7D2009E5E69 /* FilmLocationTableViewCell.swift */,
				926F867C236BB800009E5E69 /* SimilarFilmsTableViewCell.swift */,
			);
			path = FilmDetails;
			sourceTree = "<group>";
		};
		926F867E236BB81C009E5E69 /* Login */ = {
			isa = PBXGroup;
			children = (
				FEA8B3D7235C856F00536ABA /* LoginTableViewController.swift */,
			);
			path = Login;
			sourceTree = "<group>";
		};
		926F867F236BB83E009E5E69 /* Register */ = {
			isa = PBXGroup;
			children = (
				FEE742F32303C0C600DD0EC6 /* CadastroTableViewController.swift */,
			);
			path = Register;
			sourceTree = "<group>";
		};
		926F8680236BB8A0009E5E69 /* FilmsList */ = {
			isa = PBXGroup;
			children = (
				D393FCD52301C80F0077A303 /* FilmTableViewCell.swift */,
				D393FCCB2301BEAD0077A303 /* FilmsTableViewController.swift */,
			);
			path = FilmsList;
			sourceTree = "<group>";
		};
		926F8681236BB8DE009E5E69 /* FavoriteFilms */ = {
			isa = PBXGroup;
			children = (
				FEA8B3E5235E74D200536ABA /* FavoritesFilmsTableViewCell.swift */,
				FEA8B3E3235E6DEF00536ABA /* FavoritesTableViewController.swift */,
			);
			path = FavoriteFilms;
			sourceTree = "<group>";
		};
		926F8682236BB8F9009E5E69 /* UserLocation */ = {
			isa = PBXGroup;
			children = (
				FEA8B3E1235E51D200536ABA /* MapViewController.swift */,
			);
			path = UserLocation;
			sourceTree = "<group>";
		};
		D393FCC92301BCCD0077A303 /* Files */ = {
			isa = PBXGroup;
			children = (
				FEE32BFF2300E99200140E93 /* images */,
				D393FCD32301C2F40077A303 /* data.json */,
				FEE2E73A2303707900F9B298 /* userData.json */,
			);
			path = Files;
			sourceTree = "<group>";
		};
		D393FCCA2301BE3E0077A303 /* Views */ = {
			isa = PBXGroup;
			children = (
				FEC4D65E22FF98F300046F85 /* Main.storyboard */,
				FEC4D66322FF98F700046F85 /* LaunchScreen.storyboard */,
			);
			path = Views;
			sourceTree = "<group>";
		};
		D393FCCD2301BEB40077A303 /* Controllers */ = {
			isa = PBXGroup;
			children = (
				926F8682236BB8F9009E5E69 /* UserLocation */,
				926F8681236BB8DE009E5E69 /* FavoriteFilms */,
				926F8680236BB8A0009E5E69 /* FilmsList */,
				926F867F236BB83E009E5E69 /* Register */,
				926F867E236BB81C009E5E69 /* Login */,
				926F8673236BB6C1009E5E69 /* FilmDetails */,
			);
			path = Controllers;
			sourceTree = "<group>";
		};
		D393FCD22301BFB60077A303 /* Models */ = {
			isa = PBXGroup;
			children = (
				D393FCD02301BFAF0077A303 /* Film.swift */,
				FEE2E73823036E5100F9B298 /* User.swift */,
			);
			path = Models;
			sourceTree = "<group>";
		};
		F509D6704C15EBAC24FEA7B4 /* Pods */ = {
			isa = PBXGroup;
			children = (
				9234087F7A096CAD0B5B84F4 /* Pods-trabalho-final-ios.debug.xcconfig */,
				AB86F6228BCE1B31629E28E3 /* Pods-trabalho-final-ios.release.xcconfig */,
				E175AEE56AED1FECC747D4EF /* Pods-trabalho-final-iosTests.debug.xcconfig */,
				4935A34A71D7345B9990671F /* Pods-trabalho-final-iosTests.release.xcconfig */,
				03A1D10C03DDCD8CEF6F6263 /* Pods-trabalho-final-iosUITests.debug.xcconfig */,
				8155E2FD9EB03A1B69A93039 /* Pods-trabalho-final-iosUITests.release.xcconfig */,
			);
			name = Pods;
			sourceTree = "<group>";
		};
		FEC4D64E22FF98F200046F85 = {
			isa = PBXGroup;
			children = (
				FEC4D65922FF98F300046F85 /* trabalho-final-ios */,
				FEC4D66E22FF98F700046F85 /* trabalho-final-iosTests */,
				FEC4D67922FF98F700046F85 /* trabalho-final-iosUITests */,
				FEC4D65822FF98F300046F85 /* Products */,
				F509D6704C15EBAC24FEA7B4 /* Pods */,
				749DA0D3039848FF09710F6E /* Frameworks */,
			);
			sourceTree = "<group>";
		};
		FEC4D65822FF98F300046F85 /* Products */ = {
			isa = PBXGroup;
			children = (
				FEC4D65722FF98F300046F85 /* trabalho-final-ios.app */,
				FEC4D66B22FF98F700046F85 /* trabalho-final-iosTests.xctest */,
				FEC4D67622FF98F700046F85 /* trabalho-final-iosUITests.xctest */,
			);
			name = Products;
			sourceTree = "<group>";
		};
		FEC4D65922FF98F300046F85 /* trabalho-final-ios */ = {
			isa = PBXGroup;
			children = (
				AA27AAB12374DD16006DFEED /* GoogleService-Info.plist */,
				FEC4D66622FF98F700046F85 /* Info.plist */,
				FEC4D66122FF98F700046F85 /* Assets.xcassets */,
				FEC4D65A22FF98F300046F85 /* AppDelegate.swift */,
				D393FCD22301BFB60077A303 /* Models */,
				D393FCCA2301BE3E0077A303 /* Views */,
				D393FCCD2301BEB40077A303 /* Controllers */,
				D393FCC92301BCCD0077A303 /* Files */,
			);
			path = "trabalho-final-ios";
			sourceTree = "<group>";
		};
		FEC4D66E22FF98F700046F85 /* trabalho-final-iosTests */ = {
			isa = PBXGroup;
			children = (
				FEC4D66F22FF98F700046F85 /* trabalho_final_iosTests.swift */,
				FEC4D67122FF98F700046F85 /* Info.plist */,
			);
			path = "trabalho-final-iosTests";
			sourceTree = "<group>";
		};
		FEC4D67922FF98F700046F85 /* trabalho-final-iosUITests */ = {
			isa = PBXGroup;
			children = (
				FEC4D67A22FF98F700046F85 /* trabalho_final_iosUITests.swift */,
				FEC4D67C22FF98F700046F85 /* Info.plist */,
			);
			path = "trabalho-final-iosUITests";
			sourceTree = "<group>";
		};
		FEE32BFF2300E99200140E93 /* images */ = {
			isa = PBXGroup;
			children = (
				92CD9410236B9E870003BCCA /* ant-man-poster.jpg */,
				92CD940E236B9E870003BCCA /* avangers-ultimate-poster.jpg */,
				92CD940F236B9E870003BCCA /* avangers-ultron-poster.jpg */,
				FEE32C032300EE0C00140E93 /* liked.png */,
				FEE32C022300EE0C00140E93 /* logo.png */,
				FEE32C042300EE0C00140E93 /* poster.jpg */,
				FEE32C002300EE0C00140E93 /* user-logged.jpg */,
				FEE32C012300EE0C00140E93 /* user-logo.png */,
			);
			path = images;
			sourceTree = "<group>";
		};
/* End PBXGroup section */

/* Begin PBXNativeTarget section */
		FEC4D65622FF98F300046F85 /* trabalho-final-ios */ = {
			isa = PBXNativeTarget;
			buildConfigurationList = FEC4D67F22FF98F700046F85 /* Build configuration list for PBXNativeTarget "trabalho-final-ios" */;
			buildPhases = (
				6DEB131C55A9479AE9E9F98A /* [CP] Check Pods Manifest.lock */,
				FEC4D65322FF98F300046F85 /* Sources */,
				FEC4D65422FF98F300046F85 /* Frameworks */,
				FEC4D65522FF98F300046F85 /* Resources */,
				22FEA98EC6A0C12CCE25ABC6 /* [CP] Embed Pods Frameworks */,
			);
			buildRules = (
			);
			dependencies = (
			);
			name = "trabalho-final-ios";
			productName = "trabalho-final-ios";
			productReference = FEC4D65722FF98F300046F85 /* trabalho-final-ios.app */;
			productType = "com.apple.product-type.application";
		};
		FEC4D66A22FF98F700046F85 /* trabalho-final-iosTests */ = {
			isa = PBXNativeTarget;
			buildConfigurationList = FEC4D68222FF98F700046F85 /* Build configuration list for PBXNativeTarget "trabalho-final-iosTests" */;
			buildPhases = (
				451F0B7F7C6BF14E25CE30AF /* [CP] Check Pods Manifest.lock */,
				FEC4D66722FF98F700046F85 /* Sources */,
				FEC4D66822FF98F700046F85 /* Frameworks */,
				FEC4D66922FF98F700046F85 /* Resources */,
			);
			buildRules = (
			);
			dependencies = (
				FEC4D66D22FF98F700046F85 /* PBXTargetDependency */,
			);
			name = "trabalho-final-iosTests";
			productName = "trabalho-final-iosTests";
			productReference = FEC4D66B22FF98F700046F85 /* trabalho-final-iosTests.xctest */;
			productType = "com.apple.product-type.bundle.unit-test";
		};
		FEC4D67522FF98F700046F85 /* trabalho-final-iosUITests */ = {
			isa = PBXNativeTarget;
			buildConfigurationList = FEC4D68522FF98F700046F85 /* Build configuration list for PBXNativeTarget "trabalho-final-iosUITests" */;
			buildPhases = (
				F123AD6BCFCDF70555FE418E /* [CP] Check Pods Manifest.lock */,
				FEC4D67222FF98F700046F85 /* Sources */,
				FEC4D67322FF98F700046F85 /* Frameworks */,
				FEC4D67422FF98F700046F85 /* Resources */,
			);
			buildRules = (
			);
			dependencies = (
				FEC4D67822FF98F700046F85 /* PBXTargetDependency */,
			);
			name = "trabalho-final-iosUITests";
			productName = "trabalho-final-iosUITests";
			productReference = FEC4D67622FF98F700046F85 /* trabalho-final-iosUITests.xctest */;
			productType = "com.apple.product-type.bundle.ui-testing";
		};
/* End PBXNativeTarget section */

/* Begin PBXProject section */
		FEC4D64F22FF98F200046F85 /* Project object */ = {
			isa = PBXProject;
			attributes = {
				LastSwiftUpdateCheck = 1030;
				LastUpgradeCheck = 1030;
				ORGANIZATIONNAME = "Thiago Mustafa";
				TargetAttributes = {
					FEC4D65622FF98F300046F85 = {
						CreatedOnToolsVersion = 10.3;
					};
					FEC4D66A22FF98F700046F85 = {
						CreatedOnToolsVersion = 10.3;
						TestTargetID = FEC4D65622FF98F300046F85;
					};
					FEC4D67522FF98F700046F85 = {
						CreatedOnToolsVersion = 10.3;
						TestTargetID = FEC4D65622FF98F300046F85;
					};
				};
			};
			buildConfigurationList = FEC4D65222FF98F200046F85 /* Build configuration list for PBXProject "trabalho-final-ios" */;
			compatibilityVersion = "Xcode 9.3";
			developmentRegion = en;
			hasScannedForEncodings = 0;
			knownRegions = (
				en,
				Base,
			);
			mainGroup = FEC4D64E22FF98F200046F85;
			productRefGroup = FEC4D65822FF98F300046F85 /* Products */;
			projectDirPath = "";
			projectRoot = "";
			targets = (
				FEC4D65622FF98F300046F85 /* trabalho-final-ios */,
				FEC4D66A22FF98F700046F85 /* trabalho-final-iosTests */,
				FEC4D67522FF98F700046F85 /* trabalho-final-iosUITests */,
			);
		};
/* End PBXProject section */

/* Begin PBXResourcesBuildPhase section */
		FEC4D65522FF98F300046F85 /* Resources */ = {
			isa = PBXResourcesBuildPhase;
			buildActionMask = 2147483647;
			files = (
				FEE2E73B2303707900F9B298 /* userData.json in Resources */,
				FEE32C062300EE0C00140E93 /* user-logo.png in Resources */,
				FEE32C052300EE0C00140E93 /* user-logged.jpg in Resources */,
				92CD9411236B9E870003BCCA /* avangers-ultimate-poster.jpg in Resources */,
				FEE32C082300EE0C00140E93 /* liked.png in Resources */,
				FEE32C072300EE0C00140E93 /* logo.png in Resources */,
				FEC4D66522FF98F700046F85 /* LaunchScreen.storyboard in Resources */,
				FEC4D66222FF98F700046F85 /* Assets.xcassets in Resources */,
				FEE32C092300EE0C00140E93 /* poster.jpg in Resources */,
				92CD9413236B9E870003BCCA /* ant-man-poster.jpg in Resources */,
				D393FCD42301C2F40077A303 /* data.json in Resources */,
				FEC4D66022FF98F300046F85 /* Main.storyboard in Resources */,
				92CD9412236B9E870003BCCA /* avangers-ultron-poster.jpg in Resources */,
				AA27AAB22374DD16006DFEED /* GoogleService-Info.plist in Resources */,
			);
			runOnlyForDeploymentPostprocessing = 0;
		};
		FEC4D66922FF98F700046F85 /* Resources */ = {
			isa = PBXResourcesBuildPhase;
			buildActionMask = 2147483647;
			files = (
			);
			runOnlyForDeploymentPostprocessing = 0;
		};
		FEC4D67422FF98F700046F85 /* Resources */ = {
			isa = PBXResourcesBuildPhase;
			buildActionMask = 2147483647;
			files = (
			);
			runOnlyForDeploymentPostprocessing = 0;
		};
/* End PBXResourcesBuildPhase section */

/* Begin PBXShellScriptBuildPhase section */
		22FEA98EC6A0C12CCE25ABC6 /* [CP] Embed Pods Frameworks */ = {
			isa = PBXShellScriptBuildPhase;
			buildActionMask = 2147483647;
			files = (
			);
			inputFileListPaths = (
			);
			inputPaths = (
				"${SRCROOT}/Pods/Target Support Files/Pods-trabalho-final-ios/Pods-trabalho-final-ios-frameworks.sh",
				"${BUILT_PRODUCTS_DIR}/BoringSSL-GRPC/openssl_grpc.framework",
				"${BUILT_PRODUCTS_DIR}/GTMSessionFetcher/GTMSessionFetcher.framework",
				"${BUILT_PRODUCTS_DIR}/GoogleUtilities/GoogleUtilities.framework",
				"${BUILT_PRODUCTS_DIR}/abseil/absl.framework",
				"${BUILT_PRODUCTS_DIR}/gRPC-C++/grpcpp.framework",
				"${BUILT_PRODUCTS_DIR}/gRPC-Core/grpc.framework",
				"${BUILT_PRODUCTS_DIR}/leveldb-library/leveldb.framework",
				"${BUILT_PRODUCTS_DIR}/nanopb/nanopb.framework",
			);
			name = "[CP] Embed Pods Frameworks";
			outputFileListPaths = (
			);
			outputPaths = (
				"${TARGET_BUILD_DIR}/${FRAMEWORKS_FOLDER_PATH}/openssl_grpc.framework",
				"${TARGET_BUILD_DIR}/${FRAMEWORKS_FOLDER_PATH}/GTMSessionFetcher.framework",
				"${TARGET_BUILD_DIR}/${FRAMEWORKS_FOLDER_PATH}/GoogleUtilities.framework",
				"${TARGET_BUILD_DIR}/${FRAMEWORKS_FOLDER_PATH}/absl.framework",
				"${TARGET_BUILD_DIR}/${FRAMEWORKS_FOLDER_PATH}/grpcpp.framework",
				"${TARGET_BUILD_DIR}/${FRAMEWORKS_FOLDER_PATH}/grpc.framework",
				"${TARGET_BUILD_DIR}/${FRAMEWORKS_FOLDER_PATH}/leveldb.framework",
				"${TARGET_BUILD_DIR}/${FRAMEWORKS_FOLDER_PATH}/nanopb.framework",
			);
			runOnlyForDeploymentPostprocessing = 0;
			shellPath = /bin/sh;
			shellScript = "\"${SRCROOT}/Pods/Target Support Files/Pods-trabalho-final-ios/Pods-trabalho-final-ios-frameworks.sh\"\n";
			showEnvVarsInLog = 0;
		};
		451F0B7F7C6BF14E25CE30AF /* [CP] Check Pods Manifest.lock */ = {
			isa = PBXShellScriptBuildPhase;
			buildActionMask = 2147483647;
			files = (
			);
			inputFileListPaths = (
			);
			inputPaths = (
				"${PODS_PODFILE_DIR_PATH}/Podfile.lock",
				"${PODS_ROOT}/Manifest.lock",
			);
			name = "[CP] Check Pods Manifest.lock";
			outputFileListPaths = (
			);
			outputPaths = (
				"$(DERIVED_FILE_DIR)/Pods-trabalho-final-iosTests-checkManifestLockResult.txt",
			);
			runOnlyForDeploymentPostprocessing = 0;
			shellPath = /bin/sh;
			shellScript = "diff \"${PODS_PODFILE_DIR_PATH}/Podfile.lock\" \"${PODS_ROOT}/Manifest.lock\" > /dev/null\nif [ $? != 0 ] ; then\n    # print error to STDERR\n    echo \"error: The sandbox is not in sync with the Podfile.lock. Run 'pod install' or update your CocoaPods installation.\" >&2\n    exit 1\nfi\n# This output is used by Xcode 'outputs' to avoid re-running this script phase.\necho \"SUCCESS\" > \"${SCRIPT_OUTPUT_FILE_0}\"\n";
			showEnvVarsInLog = 0;
		};
		6DEB131C55A9479AE9E9F98A /* [CP] Check Pods Manifest.lock */ = {
			isa = PBXShellScriptBuildPhase;
			buildActionMask = 2147483647;
			files = (
			);
			inputFileListPaths = (
			);
			inputPaths = (
				"${PODS_PODFILE_DIR_PATH}/Podfile.lock",
				"${PODS_ROOT}/Manifest.lock",
			);
			name = "[CP] Check Pods Manifest.lock";
			outputFileListPaths = (
			);
			outputPaths = (
				"$(DERIVED_FILE_DIR)/Pods-trabalho-final-ios-checkManifestLockResult.txt",
			);
			runOnlyForDeploymentPostprocessing = 0;
			shellPath = /bin/sh;
			shellScript = "diff \"${PODS_PODFILE_DIR_PATH}/Podfile.lock\" \"${PODS_ROOT}/Manifest.lock\" > /dev/null\nif [ $? != 0 ] ; then\n    # print error to STDERR\n    echo \"error: The sandbox is not in sync with the Podfile.lock. Run 'pod install' or update your CocoaPods installation.\" >&2\n    exit 1\nfi\n# This output is used by Xcode 'outputs' to avoid re-running this script phase.\necho \"SUCCESS\" > \"${SCRIPT_OUTPUT_FILE_0}\"\n";
			showEnvVarsInLog = 0;
		};
		F123AD6BCFCDF70555FE418E /* [CP] Check Pods Manifest.lock */ = {
			isa = PBXShellScriptBuildPhase;
			buildActionMask = 2147483647;
			files = (
			);
			inputFileListPaths = (
			);
			inputPaths = (
				"${PODS_PODFILE_DIR_PATH}/Podfile.lock",
				"${PODS_ROOT}/Manifest.lock",
			);
			name = "[CP] Check Pods Manifest.lock";
			outputFileListPaths = (
			);
			outputPaths = (
				"$(DERIVED_FILE_DIR)/Pods-trabalho-final-iosUITests-checkManifestLockResult.txt",
			);
			runOnlyForDeploymentPostprocessing = 0;
			shellPath = /bin/sh;
			shellScript = "diff \"${PODS_PODFILE_DIR_PATH}/Podfile.lock\" \"${PODS_ROOT}/Manifest.lock\" > /dev/null\nif [ $? != 0 ] ; then\n    # print error to STDERR\n    echo \"error: The sandbox is not in sync with the Podfile.lock. Run 'pod install' or update your CocoaPods installation.\" >&2\n    exit 1\nfi\n# This output is used by Xcode 'outputs' to avoid re-running this script phase.\necho \"SUCCESS\" > \"${SCRIPT_OUTPUT_FILE_0}\"\n";
			showEnvVarsInLog = 0;
		};
/* End PBXShellScriptBuildPhase section */

/* Begin PBXSourcesBuildPhase section */
		FEC4D65322FF98F300046F85 /* Sources */ = {
			isa = PBXSourcesBuildPhase;
			buildActionMask = 2147483647;
			files = (
				926F867B236BB7D2009E5E69 /* FilmLocationTableViewCell.swift in Sources */,
				D393FCD12301BFAF0077A303 /* Film.swift in Sources */,
				926F8672236BB479009E5E69 /* DetailsTableViewController.swift in Sources */,
				D393FCCC2301BEAD0077A303 /* FilmsTableViewController.swift in Sources */,
				926F867D236BB800009E5E69 /* SimilarFilmsTableViewCell.swift in Sources */,
				FEA8B3E6235E74D200536ABA /* FavoritesFilmsTableViewCell.swift in Sources */,
				926F8679236BB7A5009E5E69 /* FilmDetailsTableViewCell.swift in Sources */,
				FEA8B3E4235E6DEF00536ABA /* FavoritesTableViewController.swift in Sources */,
				D393FCD62301C80F0077A303 /* FilmTableViewCell.swift in Sources */,
				FEA8B3D8235C856F00536ABA /* LoginTableViewController.swift in Sources */,
				FEE742F42303C0C600DD0EC6 /* CadastroTableViewController.swift in Sources */,
				FEE2E73923036E5100F9B298 /* User.swift in Sources */,
				FEA8B3E2235E51D200536ABA /* MapViewController.swift in Sources */,
				926F8675236BB747009E5E69 /* FilmHeaderTableViewCell.swift in Sources */,
				FEC4D65B22FF98F300046F85 /* AppDelegate.swift in Sources */,
				D393FCCF2301BF240077A303 /* FilmDetailsViewController.swift in Sources */,
				FEE4D06923031B65001FABF2 /* SimilarFilmTableViewCell.swift in Sources */,
				926F8677236BB782009E5E69 /* DetailsHeaderTableViewCell.swift in Sources */,
			);
			runOnlyForDeploymentPostprocessing = 0;
		};
		FEC4D66722FF98F700046F85 /* Sources */ = {
			isa = PBXSourcesBuildPhase;
			buildActionMask = 2147483647;
			files = (
				FEC4D67022FF98F700046F85 /* trabalho_final_iosTests.swift in Sources */,
			);
			runOnlyForDeploymentPostprocessing = 0;
		};
		FEC4D67222FF98F700046F85 /* Sources */ = {
			isa = PBXSourcesBuildPhase;
			buildActionMask = 2147483647;
			files = (
				FEC4D67B22FF98F700046F85 /* trabalho_final_iosUITests.swift in Sources */,
			);
			runOnlyForDeploymentPostprocessing = 0;
		};
/* End PBXSourcesBuildPhase section */

/* Begin PBXTargetDependency section */
		FEC4D66D22FF98F700046F85 /* PBXTargetDependency */ = {
			isa = PBXTargetDependency;
			target = FEC4D65622FF98F300046F85 /* trabalho-final-ios */;
			targetProxy = FEC4D66C22FF98F700046F85 /* PBXContainerItemProxy */;
		};
		FEC4D67822FF98F700046F85 /* PBXTargetDependency */ = {
			isa = PBXTargetDependency;
			target = FEC4D65622FF98F300046F85 /* trabalho-final-ios */;
			targetProxy = FEC4D67722FF98F700046F85 /* PBXContainerItemProxy */;
		};
/* End PBXTargetDependency section */

/* Begin PBXVariantGroup section */
		FEC4D65E22FF98F300046F85 /* Main.storyboard */ = {
			isa = PBXVariantGroup;
			children = (
				FEC4D65F22FF98F300046F85 /* Base */,
			);
			name = Main.storyboard;
			sourceTree = "<group>";
		};
		FEC4D66322FF98F700046F85 /* LaunchScreen.storyboard */ = {
			isa = PBXVariantGroup;
			children = (
				FEC4D66422FF98F700046F85 /* Base */,
			);
			name = LaunchScreen.storyboard;
			sourceTree = "<group>";
		};
/* End PBXVariantGroup section */

/* Begin XCBuildConfiguration section */
		FEC4D67D22FF98F700046F85 /* Debug */ = {
			isa = XCBuildConfiguration;
			buildSettings = {
				ALWAYS_SEARCH_USER_PATHS = NO;
				CLANG_ANALYZER_NONNULL = YES;
				CLANG_ANALYZER_NUMBER_OBJECT_CONVERSION = YES_AGGRESSIVE;
				CLANG_CXX_LANGUAGE_STANDARD = "gnu++14";
				CLANG_CXX_LIBRARY = "libc++";
				CLANG_ENABLE_MODULES = YES;
				CLANG_ENABLE_OBJC_ARC = YES;
				CLANG_ENABLE_OBJC_WEAK = YES;
				CLANG_WARN_BLOCK_CAPTURE_AUTORELEASING = YES;
				CLANG_WARN_BOOL_CONVERSION = YES;
				CLANG_WARN_COMMA = YES;
				CLANG_WARN_CONSTANT_CONVERSION = YES;
				CLANG_WARN_DEPRECATED_OBJC_IMPLEMENTATIONS = YES;
				CLANG_WARN_DIRECT_OBJC_ISA_USAGE = YES_ERROR;
				CLANG_WARN_DOCUMENTATION_COMMENTS = YES;
				CLANG_WARN_EMPTY_BODY = YES;
				CLANG_WARN_ENUM_CONVERSION = YES;
				CLANG_WARN_INFINITE_RECURSION = YES;
				CLANG_WARN_INT_CONVERSION = YES;
				CLANG_WARN_NON_LITERAL_NULL_CONVERSION = YES;
				CLANG_WARN_OBJC_IMPLICIT_RETAIN_SELF = YES;
				CLANG_WARN_OBJC_LITERAL_CONVERSION = YES;
				CLANG_WARN_OBJC_ROOT_CLASS = YES_ERROR;
				CLANG_WARN_RANGE_LOOP_ANALYSIS = YES;
				CLANG_WARN_STRICT_PROTOTYPES = YES;
				CLANG_WARN_SUSPICIOUS_MOVE = YES;
				CLANG_WARN_UNGUARDED_AVAILABILITY = YES_AGGRESSIVE;
				CLANG_WARN_UNREACHABLE_CODE = YES;
				CLANG_WARN__DUPLICATE_METHOD_MATCH = YES;
				CODE_SIGN_IDENTITY = "iPhone Developer";
				COPY_PHASE_STRIP = NO;
				DEBUG_INFORMATION_FORMAT = dwarf;
				ENABLE_STRICT_OBJC_MSGSEND = YES;
				ENABLE_TESTABILITY = YES;
				GCC_C_LANGUAGE_STANDARD = gnu11;
				GCC_DYNAMIC_NO_PIC = NO;
				GCC_NO_COMMON_BLOCKS = YES;
				GCC_OPTIMIZATION_LEVEL = 0;
				GCC_PREPROCESSOR_DEFINITIONS = (
					"DEBUG=1",
					"$(inherited)",
				);
				GCC_WARN_64_TO_32_BIT_CONVERSION = YES;
				GCC_WARN_ABOUT_RETURN_TYPE = YES_ERROR;
				GCC_WARN_UNDECLARED_SELECTOR = YES;
				GCC_WARN_UNINITIALIZED_AUTOS = YES_AGGRESSIVE;
				GCC_WARN_UNUSED_FUNCTION = YES;
				GCC_WARN_UNUSED_VARIABLE = YES;
				IPHONEOS_DEPLOYMENT_TARGET = 12.1;
				MTL_ENABLE_DEBUG_INFO = INCLUDE_SOURCE;
				MTL_FAST_MATH = YES;
				ONLY_ACTIVE_ARCH = YES;
				SDKROOT = iphoneos;
				SWIFT_ACTIVE_COMPILATION_CONDITIONS = DEBUG;
				SWIFT_OPTIMIZATION_LEVEL = "-Onone";
			};
			name = Debug;
		};
		FEC4D67E22FF98F700046F85 /* Release */ = {
			isa = XCBuildConfiguration;
			buildSettings = {
				ALWAYS_SEARCH_USER_PATHS = NO;
				CLANG_ANALYZER_NONNULL = YES;
				CLANG_ANALYZER_NUMBER_OBJECT_CONVERSION = YES_AGGRESSIVE;
				CLANG_CXX_LANGUAGE_STANDARD = "gnu++14";
				CLANG_CXX_LIBRARY = "libc++";
				CLANG_ENABLE_MODULES = YES;
				CLANG_ENABLE_OBJC_ARC = YES;
				CLANG_ENABLE_OBJC_WEAK = YES;
				CLANG_WARN_BLOCK_CAPTURE_AUTORELEASING = YES;
				CLANG_WARN_BOOL_CONVERSION = YES;
				CLANG_WARN_COMMA = YES;
				CLANG_WARN_CONSTANT_CONVERSION = YES;
				CLANG_WARN_DEPRECATED_OBJC_IMPLEMENTATIONS = YES;
				CLANG_WARN_DIRECT_OBJC_ISA_USAGE = YES_ERROR;
				CLANG_WARN_DOCUMENTATION_COMMENTS = YES;
				CLANG_WARN_EMPTY_BODY = YES;
				CLANG_WARN_ENUM_CONVERSION = YES;
				CLANG_WARN_INFINITE_RECURSION = YES;
				CLANG_WARN_INT_CONVERSION = YES;
				CLANG_WARN_NON_LITERAL_NULL_CONVERSION = YES;
				CLANG_WARN_OBJC_IMPLICIT_RETAIN_SELF = YES;
				CLANG_WARN_OBJC_LITERAL_CONVERSION = YES;
				CLANG_WARN_OBJC_ROOT_CLASS = YES_ERROR;
				CLANG_WARN_RANGE_LOOP_ANALYSIS = YES;
				CLANG_WARN_STRICT_PROTOTYPES = YES;
				CLANG_WARN_SUSPICIOUS_MOVE = YES;
				CLANG_WARN_UNGUARDED_AVAILABILITY = YES_AGGRESSIVE;
				CLANG_WARN_UNREACHABLE_CODE = YES;
				CLANG_WARN__DUPLICATE_METHOD_MATCH = YES;
				CODE_SIGN_IDENTITY = "iPhone Developer";
				COPY_PHASE_STRIP = NO;
				DEBUG_INFORMATION_FORMAT = "dwarf-with-dsym";
				ENABLE_NS_ASSERTIONS = NO;
				ENABLE_STRICT_OBJC_MSGSEND = YES;
				GCC_C_LANGUAGE_STANDARD = gnu11;
				GCC_NO_COMMON_BLOCKS = YES;
				GCC_WARN_64_TO_32_BIT_CONVERSION = YES;
				GCC_WARN_ABOUT_RETURN_TYPE = YES_ERROR;
				GCC_WARN_UNDECLARED_SELECTOR = YES;
				GCC_WARN_UNINITIALIZED_AUTOS = YES_AGGRESSIVE;
				GCC_WARN_UNUSED_FUNCTION = YES;
				GCC_WARN_UNUSED_VARIABLE = YES;
				IPHONEOS_DEPLOYMENT_TARGET = 12.1;
				MTL_ENABLE_DEBUG_INFO = NO;
				MTL_FAST_MATH = YES;
				SDKROOT = iphoneos;
				SWIFT_COMPILATION_MODE = wholemodule;
				SWIFT_OPTIMIZATION_LEVEL = "-O";
				VALIDATE_PRODUCT = YES;
			};
			name = Release;
		};
		FEC4D68022FF98F700046F85 /* Debug */ = {
			isa = XCBuildConfiguration;
			baseConfigurationReference = 9234087F7A096CAD0B5B84F4 /* Pods-trabalho-final-ios.debug.xcconfig */;
			buildSettings = {
				ASSETCATALOG_COMPILER_APPICON_NAME = AppIcon;
				CODE_SIGN_STYLE = Manual;
				DEVELOPMENT_TEAM = "";
				INFOPLIST_FILE = "trabalho-final-ios/Info.plist";
				IPHONEOS_DEPLOYMENT_TARGET = 12.1;
				LD_RUNPATH_SEARCH_PATHS = (
					"$(inherited)",
					"@executable_path/Frameworks",
				);
				PRODUCT_BUNDLE_IDENTIFIER = "thiagomustafa.trabalho-final-ios";
				PRODUCT_NAME = "$(TARGET_NAME)";
				PROVISIONING_PROFILE_SPECIFIER = "";
				SWIFT_VERSION = 4.2;
				TARGETED_DEVICE_FAMILY = "1,2";
			};
			name = Debug;
		};
		FEC4D68122FF98F700046F85 /* Release */ = {
			isa = XCBuildConfiguration;
			baseConfigurationReference = AB86F6228BCE1B31629E28E3 /* Pods-trabalho-final-ios.release.xcconfig */;
			buildSettings = {
				ASSETCATALOG_COMPILER_APPICON_NAME = AppIcon;
				CODE_SIGN_STYLE = Manual;
				DEVELOPMENT_TEAM = "";
				INFOPLIST_FILE = "trabalho-final-ios/Info.plist";
				IPHONEOS_DEPLOYMENT_TARGET = 12.1;
				LD_RUNPATH_SEARCH_PATHS = (
					"$(inherited)",
					"@executable_path/Frameworks",
				);
				PRODUCT_BUNDLE_IDENTIFIER = "thiagomustafa.trabalho-final-ios";
				PRODUCT_NAME = "$(TARGET_NAME)";
				PROVISIONING_PROFILE_SPECIFIER = "";
				SWIFT_VERSION = 4.2;
				TARGETED_DEVICE_FAMILY = "1,2";
			};
			name = Release;
		};
		FEC4D68322FF98F700046F85 /* Debug */ = {
			isa = XCBuildConfiguration;
			baseConfigurationReference = E175AEE56AED1FECC747D4EF /* Pods-trabalho-final-iosTests.debug.xcconfig */;
			buildSettings = {
				ALWAYS_EMBED_SWIFT_STANDARD_LIBRARIES = YES;
				BUNDLE_LOADER = "$(TEST_HOST)";
				CODE_SIGN_STYLE = Automatic;
				INFOPLIST_FILE = "trabalho-final-iosTests/Info.plist";
				LD_RUNPATH_SEARCH_PATHS = (
					"$(inherited)",
					"@executable_path/Frameworks",
					"@loader_path/Frameworks",
				);
				PRODUCT_BUNDLE_IDENTIFIER = "thiagomustafa.trabalho-final-iosTests";
				PRODUCT_NAME = "$(TARGET_NAME)";
				SWIFT_VERSION = 5.0;
				TARGETED_DEVICE_FAMILY = "1,2";
				TEST_HOST = "$(BUILT_PRODUCTS_DIR)/trabalho-final-ios.app/trabalho-final-ios";
			};
			name = Debug;
		};
		FEC4D68422FF98F700046F85 /* Release */ = {
			isa = XCBuildConfiguration;
			baseConfigurationReference = 4935A34A71D7345B9990671F /* Pods-trabalho-final-iosTests.release.xcconfig */;
			buildSettings = {
				ALWAYS_EMBED_SWIFT_STANDARD_LIBRARIES = YES;
				BUNDLE_LOADER = "$(TEST_HOST)";
				CODE_SIGN_STYLE = Automatic;
				INFOPLIST_FILE = "trabalho-final-iosTests/Info.plist";
				LD_RUNPATH_SEARCH_PATHS = (
					"$(inherited)",
					"@executable_path/Frameworks",
					"@loader_path/Frameworks",
				);
				PRODUCT_BUNDLE_IDENTIFIER = "thiagomustafa.trabalho-final-iosTests";
				PRODUCT_NAME = "$(TARGET_NAME)";
				SWIFT_VERSION = 5.0;
				TARGETED_DEVICE_FAMILY = "1,2";
				TEST_HOST = "$(BUILT_PRODUCTS_DIR)/trabalho-final-ios.app/trabalho-final-ios";
			};
			name = Release;
		};
		FEC4D68622FF98F700046F85 /* Debug */ = {
			isa = XCBuildConfiguration;
			baseConfigurationReference = 03A1D10C03DDCD8CEF6F6263 /* Pods-trabalho-final-iosUITests.debug.xcconfig */;
			buildSettings = {
				ALWAYS_EMBED_SWIFT_STANDARD_LIBRARIES = YES;
				CODE_SIGN_STYLE = Automatic;
				INFOPLIST_FILE = "trabalho-final-iosUITests/Info.plist";
				LD_RUNPATH_SEARCH_PATHS = (
					"$(inherited)",
					"@executable_path/Frameworks",
					"@loader_path/Frameworks",
				);
				PRODUCT_BUNDLE_IDENTIFIER = "thiagomustafa.trabalho-final-iosUITests";
				PRODUCT_NAME = "$(TARGET_NAME)";
				SWIFT_VERSION = 5.0;
				TARGETED_DEVICE_FAMILY = "1,2";
				TEST_TARGET_NAME = "trabalho-final-ios";
			};
			name = Debug;
		};
		FEC4D68722FF98F700046F85 /* Release */ = {
			isa = XCBuildConfiguration;
			baseConfigurationReference = 8155E2FD9EB03A1B69A93039 /* Pods-trabalho-final-iosUITests.release.xcconfig */;
			buildSettings = {
				ALWAYS_EMBED_SWIFT_STANDARD_LIBRARIES = YES;
				CODE_SIGN_STYLE = Automatic;
				INFOPLIST_FILE = "trabalho-final-iosUITests/Info.plist";
				LD_RUNPATH_SEARCH_PATHS = (
					"$(inherited)",
					"@executable_path/Frameworks",
					"@loader_path/Frameworks",
				);
				PRODUCT_BUNDLE_IDENTIFIER = "thiagomustafa.trabalho-final-iosUITests";
				PRODUCT_NAME = "$(TARGET_NAME)";
				SWIFT_VERSION = 5.0;
				TARGETED_DEVICE_FAMILY = "1,2";
				TEST_TARGET_NAME = "trabalho-final-ios";
			};
			name = Release;
		};
/* End XCBuildConfiguration section */

/* Begin XCConfigurationList section */
		FEC4D65222FF98F200046F85 /* Build configuration list for PBXProject "trabalho-final-ios" */ = {
			isa = XCConfigurationList;
			buildConfigurations = (
				FEC4D67D22FF98F700046F85 /* Debug */,
				FEC4D67E22FF98F700046F85 /* Release */,
			);
			defaultConfigurationIsVisible = 0;
			defaultConfigurationName = Release;
		};
		FEC4D67F22FF98F700046F85 /* Build configuration list for PBXNativeTarget "trabalho-final-ios" */ = {
			isa = XCConfigurationList;
			buildConfigurations = (
				FEC4D68022FF98F700046F85 /* Debug */,
				FEC4D68122FF98F700046F85 /* Release */,
			);
			defaultConfigurationIsVisible = 0;
			defaultConfigurationName = Release;
		};
		FEC4D68222FF98F700046F85 /* Build configuration list for PBXNativeTarget "trabalho-final-iosTests" */ = {
			isa = XCConfigurationList;
			buildConfigurations = (
				FEC4D68322FF98F700046F85 /* Debug */,
				FEC4D68422FF98F700046F85 /* Release */,
			);
			defaultConfigurationIsVisible = 0;
			defaultConfigurationName = Release;
		};
		FEC4D68522FF98F700046F85 /* Build configuration list for PBXNativeTarget "trabalho-final-iosUITests" */ = {
			isa = XCConfigurationList;
			buildConfigurations = (
				FEC4D68622FF98F700046F85 /* Debug */,
				FEC4D68722FF98F700046F85 /* Release */,
			);
			defaultConfigurationIsVisible = 0;
			defaultConfigurationName = Release;
		};
/* End XCConfigurationList section */
	};
	rootObject = FEC4D64F22FF98F200046F85 /* Project object */;
}
